// !$*UTF8*$!
{
	archiveVersion = 1;
	classes = {
	};
	objectVersion = 46;
	objects = {

/* Begin PBXBuildFile section */
		FACF38CE1DA99DF800513642 /* AppDelegate.swift in Sources */ = {isa = PBXBuildFile; fileRef = FACF38CD1DA99DF800513642 /* AppDelegate.swift */; };
		FACF38D01DA99DF800513642 /* ViewController.swift in Sources */ = {isa = PBXBuildFile; fileRef = FACF38CF1DA99DF800513642 /* ViewController.swift */; };
		FACF38D31DA99DF800513642 /* Main.storyboard in Resources */ = {isa = PBXBuildFile; fileRef = FACF38D11DA99DF800513642 /* Main.storyboard */; };
		FACF38D51DA99DF800513642 /* Assets.xcassets in Resources */ = {isa = PBXBuildFile; fileRef = FACF38D41DA99DF800513642 /* Assets.xcassets */; };
		FACF38D81DA99DF800513642 /* LaunchScreen.storyboard in Resources */ = {isa = PBXBuildFile; fileRef = FACF38D61DA99DF800513642 /* LaunchScreen.storyboard */; };
/* End PBXBuildFile section */

/* Begin PBXFileReference section */
		FACF38CA1DA99DF800513642 /* CustomListItemCells.app */ = {isa = PBXFileReference; explicitFileType = wrapper.application; includeInIndex = 0; path = CustomListItemCells.app; sourceTree = BUILT_PRODUCTS_DIR; };
		FACF38CD1DA99DF800513642 /* AppDelegate.swift */ = {isa = PBXFileReference; lastKnownFileType = sourcecode.swift; path = AppDelegate.swift; sourceTree = "<group>"; };
		FACF38CF1DA99DF800513642 /* ViewController.swift */ = {isa = PBXFileReference; lastKnownFileType = sourcecode.swift; path = ViewController.swift; sourceTree = "<group>"; };
		FACF38D21DA99DF800513642 /* Base */ = {isa = PBXFileReference; lastKnownFileType = file.storyboard; name = Base; path = Base.lproj/Main.storyboard; sourceTree = "<group>"; };
		FACF38D41DA99DF800513642 /* Assets.xcassets */ = {isa = PBXFileReference; lastKnownFileType = folder.assetcatalog; path = Assets.xcassets; sourceTree = "<group>"; };
		FACF38D71DA99DF800513642 /* Base */ = {isa = PBXFileReference; lastKnownFileType = file.storyboard; name = Base; path = Base.lproj/LaunchScreen.storyboard; sourceTree = "<group>"; };
		FACF38D91DA99DF800513642 /* Info.plist */ = {isa = PBXFileReference; lastKnownFileType = text.plist.xml; path = Info.plist; sourceTree = "<group>"; };
/* End PBXFileReference section */

/* Begin PBXFrameworksBuildPhase section */
		FACF38C71DA99DF800513642 /* Frameworks */ = {
			isa = PBXFrameworksBuildPhase;
			buildActionMask = 2147483647;
			files = (
			);
			runOnlyForDeploymentPostprocessing = 0;
		};
/* End PBXFrameworksBuildPhase section */

/* Begin PBXGroup section */
		FACF38C11DA99DF800513642 = {
			isa = PBXGroup;
			children = (
				FACF38CC1DA99DF800513642 /* CustomListItemCells */,
				FACF38CB1DA99DF800513642 /* Products */,
			);
			sourceTree = "<group>";
		};
		FACF38CB1DA99DF800513642 /* Products */ = {
			isa = PBXGroup;
			children = (
				FACF38CA1DA99DF800513642 /* CustomListItemCells.app */,
			);
			name = Products;
			sourceTree = "<group>";
		};
		FACF38CC1DA99DF800513642 /* CustomListItemCells */ = {
			isa = PBXGroup;
			children = (
				FACF38CD1DA99DF800513642 /* AppDelegate.swift */,
				FACF38CF1DA99DF800513642 /* ViewController.swift */,
				FACF38D11DA99DF800513642 /* Main.storyboard */,
				FACF38D41DA99DF800513642 /* Assets.xcassets */,
				FACF38D61DA99DF800513642 /* LaunchScreen.storyboard */,
				FACF38D91DA99DF800513642 /* Info.plist */,
			);
			path = CustomListItemCells;
			sourceTree = "<group>";
		};
/* End PBXGroup section */

/* Begin PBXNativeTarget section */
		FACF38C91DA99DF800513642 /* CustomListItemCells */ = {
			isa = PBXNativeTarget;
			buildConfigurationList = FACF38DC1DA99DF800513642 /* Build configuration list for PBXNativeTarget "CustomListItemCells" */;
			buildPhases = (
				FACF38C61DA99DF800513642 /* Sources */,
				FACF38C71DA99DF800513642 /* Frameworks */,
				FACF38C81DA99DF800513642 /* Resources */,
			);
			buildRules = (
			);
			dependencies = (
			);
			name = CustomListItemCells;
			productName = CustomListItemCells;
			productReference = FACF38CA1DA99DF800513642 /* CustomListItemCells.app */;
			productType = "com.apple.product-type.application";
		};
/* End PBXNativeTarget section */

/* Begin PBXProject section */
		FACF38C21DA99DF800513642 /* Project object */ = {
			isa = PBXProject;
			attributes = {
				LastSwiftUpdateCheck = 0800;
				LastUpgradeCheck = 0800;
				ORGANIZATIONNAME = "Austin Blaser";
				TargetAttributes = {
					FACF38C91DA99DF800513642 = {
						CreatedOnToolsVersion = 8.0;
						DevelopmentTeam = QYV5ZZB7LD;
						ProvisioningStyle = Automatic;
					};
				};
			};
			buildConfigurationList = FACF38C51DA99DF800513642 /* Build configuration list for PBXProject "CustomListItemCells" */;
			compatibilityVersion = "Xcode 3.2";
			developmentRegion = English;
			hasScannedForEncodings = 0;
			knownRegions = (
				en,
				Base,
			);
			mainGroup = FACF38C11DA99DF800513642;
			productRefGroup = FACF38CB1DA99DF800513642 /* Products */;
			projectDirPath = "";
			projectRoot = "";
			targets = (
				FACF38C91DA99DF800513642 /* CustomListItemCells */,
			);
		};
/* End PBXProject section */

/* Begin PBXResourcesBuildPhase section */
		FACF38C81DA99DF800513642 /* Resources */ = {
			isa = PBXResourcesBuildPhase;
			buildActionMask = 2147483647;
			files = (
				FACF38D81DA99DF800513642 /* LaunchScreen.storyboard in Resources */,
				FACF38D51DA99DF800513642 /* Assets.xcassets in Resources */,
				FACF38D31DA99DF800513642 /* Main.storyboard in Resources */,
			);
			runOnlyForDeploymentPostprocessing = 0;
		};
/* End PBXResourcesBuildPhase section */

/* Begin PBXSourcesBuildPhase section */
		FACF38C61DA99DF800513642 /* Sources */ = {
			isa = PBXSourcesBuildPhase;
			buildActionMask = 2147483647;
			files = (
				FACF38D01DA99DF800513642 /* ViewController.swift in Sources */,
				FACF38CE1DA99DF800513642 /* AppDelegate.swift in Sources */,
			);
			runOnlyForDeploymentPostprocessing = 0;
		};
/* End PBXSourcesBuildPhase section */

/* Begin PBXVariantGroup section */
		FACF38D11DA99DF800513642 /* Main.storyboard */ = {
			isa = PBXVariantGroup;
			children = (
				FACF38D21DA99DF800513642 /* Base */,
			);
			name = Main.storyboard;
			sourceTree = "<group>";
		};
		FACF38D61DA99DF800513642 /* LaunchScreen.storyboard */ = {
			isa = PBXVariantGroup;
			children = (
				FACF38D71DA99DF800513642 /* Base */,
			);
			name = LaunchScreen.storyboard;
			sourceTree = "<group>";
		};
/* End PBXVariantGroup section */

/* Begin XCBuildConfiguration section */
		FACF38DA1DA99DF800513642 /* Debug */ = {
			isa = XCBuildConfiguration;
			buildSettings = {
				ALWAYS_SEARCH_USER_PATHS = NO;
				CLANG_ANALYZER_NONNULL = YES;
				CLANG_CXX_LANGUAGE_STANDARD = "gnu++0x";
				CLANG_CXX_LIBRARY = "libc++";
				CLANG_ENABLE_MODULES = YES;
				CLANG_ENABLE_OBJC_ARC = YES;
				CLANG_WARN_BOOL_CONVERSION = YES;
				CLANG_WARN_CONSTANT_CONVERSION = YES;
				CLANG_WARN_DIRECT_OBJC_ISA_USAGE = YES_ERROR;
				CLANG_WARN_DOCUMENTATION_COMMENTS = YES;
				CLANG_WARN_EMPTY_BODY = YES;
				CLANG_WARN_ENUM_CONVERSION = YES;
				CLANG_WARN_INFINITE_RECURSION = YES;
				CLANG_WARN_INT_CONVERSION = YES;
				CLANG_WARN_OBJC_ROOT_CLASS = YES_ERROR;
				CLANG_WARN_SUSPICIOUS_MOVES = YES;
				CLANG_WARN_UNREACHABLE_CODE = YES;
				CLANG_WARN__DUPLICATE_METHOD_MATCH = YES;
				"CODE_SIGN_IDENTITY[sdk=iphoneos*]" = "iPhone Developer";
				COPY_PHASE_STRIP = NO;
				DEBUG_INFORMATION_FORMAT = dwarf;
				ENABLE_STRICT_OBJC_MSGSEND = YES;
				ENABLE_TESTABILITY = YES;
				GCC_C_LANGUAGE_STANDARD = gnu99;
				GCC_DYNAMIC_NO_PIC = NO;
				GCC_NO_COMMON_BLOCKS = YES;
				GCC_OPTIMIZATION_LEVEL = 0;
				GCC_PREPROCESSOR_DEFINITIONS = (
					"DEBUG=1",
					"$(inherited)",
				);
				GCC_WARN_64_TO_32_BIT_CONVERSION = YES;
				GCC_WARN_ABOUT_RETURN_TYPE = YES_ERROR;
				GCC_WARN_UNDECLARED_SELECTOR = YES;
				GCC_WARN_UNINITIALIZED_AUTOS = YES_AGGRESSIVE;
				GCC_WARN_UNUSED_FUNCTION = YES;
				GCC_WARN_UNUSED_VARIABLE = YES;
				IPHONEOS_DEPLOYMENT_TARGET = 10.0;
				MTL_ENABLE_DEBUG_INFO = YES;
				ONLY_ACTIVE_ARCH = YES;
				SDKROOT = iphoneos;
				SWIFT_ACTIVE_COMPILATION_CONDITIONS = DEBUG;
				SWIFT_OPTIMIZATION_LEVEL = "-Onone";
				TARGETED_DEVICE_FAMILY = "1,2";
			};
			name = Debug;
		};
		FACF38DB1DA99DF800513642 /* Release */ = {
			isa = XCBuildConfiguration;
			buildSettings = {
				ALWAYS_SEARCH_USER_PATHS = NO;
				CLANG_ANALYZER_NONNULL = YES;
				CLANG_CXX_LANGUAGE_STANDARD = "gnu++0x";
				CLANG_CXX_LIBRARY = "libc++";
				CLANG_ENABLE_MODULES = YES;
				CLANG_ENABLE_OBJC_ARC = YES;
				CLANG_WARN_BOOL_CONVERSION = YES;
				CLANG_WARN_CONSTANT_CONVERSION = YES;
				CLANG_WARN_DIRECT_OBJC_ISA_USAGE = YES_ERROR;
				CLANG_WARN_DOCUMENTATION_COMMENTS = YES;
				CLANG_WARN_EMPTY_BODY = YES;
				CLANG_WARN_ENUM_CONVERSION = YES;
				CLANG_WARN_INFINITE_RECURSION = YES;
				CLANG_WARN_INT_CONVERSION = YES;
				CLANG_WARN_OBJC_ROOT_CLASS = YES_ERROR;
				CLANG_WARN_SUSPICIOUS_MOVES = YES;
				CLANG_WARN_UNREACHABLE_CODE = YES;
				CLANG_WARN__DUPLICATE_METHOD_MATCH = YES;
				"CODE_SIGN_IDENTITY[sdk=iphoneos*]" = "iPhone Developer";
				COPY_PHASE_STRIP = NO;
				DEBUG_INFORMATION_FORMAT = "dwarf-with-dsym";
				ENABLE_NS_ASSERTIONS = NO;
				ENABLE_STRICT_OBJC_MSGSEND = YES;
				GCC_C_LANGUAGE_STANDARD = gnu99;
				GCC_NO_COMMON_BLOCKS = YES;
				GCC_WARN_64_TO_32_BIT_CONVERSION = YES;
				GCC_WARN_ABOUT_RETURN_TYPE = YES_ERROR;
				GCC_WARN_UNDECLARED_SELECTOR = YES;
				GCC_WARN_UNINITIALIZED_AUTOS = YES_AGGRESSIVE;
				GCC_WARN_UNUSED_FUNCTION = YES;
				GCC_WARN_UNUSED_VARIABLE = YES;
				IPHONEOS_DEPLOYMENT_TARGET = 10.0;
				MTL_ENABLE_DEBUG_INFO = NO;
				SDKROOT = iphoneos;
				SWIFT_OPTIMIZATION_LEVEL = "-Owholemodule";
				TARGETED_DEVICE_FAMILY = "1,2";
				VALIDATE_PRODUCT = YES;
			};
			name = Release;
		};
		FACF38DD1DA99DF800513642 /* Debug */ = {
			isa = XCBuildConfiguration;
			buildSettings = {
				ASSETCATALOG_COMPILER_APPICON_NAME = AppIcon;
				DEVELOPMENT_TEAM = QYV5ZZB7LD;
				INFOPLIST_FILE = CustomListItemCells/Info.plist;
				LD_RUNPATH_SEARCH_PATHS = "$(inherited) @executable_path/Frameworks";
				PRODUCT_BUNDLE_IDENTIFIER = com.AustinBlaser.CustomListItemCells;
				PRODUCT_NAME = "$(TARGET_NAME)";
				SWIFT_VERSION = 3.0;
			};
			name = Debug;
		};
		FACF38DE1DA99DF800513642 /* Release */ = {
			isa = XCBuildConfiguration;
			buildSettings = {
				ASSETCATALOG_COMPILER_APPICON_NAME = AppIcon;
				DEVELOPMENT_TEAM = QYV5ZZB7LD;
				INFOPLIST_FILE = CustomListItemCells/Info.plist;
				LD_RUNPATH_SEARCH_PATHS = "$(inherited) @executable_path/Frameworks";
				PRODUCT_BUNDLE_IDENTIFIER = com.AustinBlaser.CustomListItemCells;
				PRODUCT_NAME = "$(TARGET_NAME)";
				SWIFT_VERSION = 3.0;
			};
			name = Release;
		};
/* End XCBuildConfiguration section */

/* Begin XCConfigurationList section */
		FACF38C51DA99DF800513642 /* Build configuration list for PBXProject "CustomListItemCells" */ = {
			isa = XCConfigurationList;
			buildConfigurations = (
				FACF38DA1DA99DF800513642 /* Debug */,
				FACF38DB1DA99DF800513642 /* Release */,
			);
			defaultConfigurationIsVisible = 0;
			defaultConfigurationName = Release;
		};
		FACF38DC1DA99DF800513642 /* Build configuration list for PBXNativeTarget "CustomListItemCells" */ = {
			isa = XCConfigurationList;
			buildConfigurations = (
				FACF38DD1DA99DF800513642 /* Debug */,
				FACF38DE1DA99DF800513642 /* Release */,
			);
			defaultConfigurationIsVisible = 0;
		};
/* End XCConfigurationList section */
	};
	rootObject = FACF38C21DA99DF800513642 /* Project object */;
}
